{
  "name": "opencode-plugins",
  "version": "1.0.0",
  "lockfileVersion": 3,
  "requires": true,
  "packages": {
    "": {
      "name": "opencode-plugins",
      "version": "1.0.0",
      "dependencies": {
        "@opencode-ai/plugin": "^1.0.134",
        "shlex": "^2.1.2"
      },
      "devDependencies": {
        "@types/node": "^22.0.0",
        "typescript": "^5.0.0"
      }
    },
    "node_modules/@opencode-ai/plugin": {
      "version": "1.0.134",
      "resolved": "https://registry.npmjs.org/@opencode-ai/plugin/-/plugin-1.0.134.tgz",
      "integrity": "sha512-W5305/s7nVOtM4ha+qZ3iafY2h52D4zvPSylzq/ge0VVxowB/Ge1Tu+3mMUcwnoEcOOwGok7267SP9+4ulaK2w==",
      "dependencies": {
        "@opencode-ai/sdk": "1.0.134",
        "zod": "4.1.8"
      }
    },
    "node_modules/@opencode-ai/sdk": {
      "version": "1.0.134",
      "resolved": "https://registry.npmjs.org/@opencode-ai/sdk/-/sdk-1.0.134.tgz",
      "integrity": "sha512-9dc75GjcKQBikfCKVdxGKe1dlaatnSzdOl0FsxcGyY32vbO8y071D7IUZdcwlaI/OaS5ztgRot++Y3l7suu34A=="
    },
    "node_modules/@types/node": {
      "version": "22.19.1",
      "resolved": "https://registry.npmjs.org/@types/node/-/node-22.19.1.tgz",
      "integrity": "sha512-LCCV0HdSZZZb34qifBsyWlUmok6W7ouER+oQIGBScS8EsZsQbrtFTUrDX4hOl+CS6p7cnNC4td+qrSVGSCTUfQ==",
      "dev": true,
      "license": "MIT",
      "dependencies": {
        "undici-types": "~6.21.0"
      }
    },
    "node_modules/shlex": {
      "version": "2.1.2",
      "resolved": "https://registry.npmjs.org/shlex/-/shlex-2.1.2.tgz",
      "integrity": "sha512-Nz6gtibMVgYeMEhUjp2KuwAgqaJA1K155dU/HuDaEJUGgnmYfVtVZah+uerVWdH8UGnyahhDCgABbYTbs254+w==",
      "license": "MIT"
    },
    "node_modules/typescript": {
      "version": "5.9.3",
      "resolved": "https://registry.npmjs.org/typescript/-/typescript-5.9.3.tgz",
      "integrity": "sha512-jl1vZzPDinLr9eUt3J/t7V6FgNEw9QjvBPdysz9KfQDD41fQrC2Y4vKQdiaUpFT4bXlb1RHhLpp8wtm6M5TgSw==",
      "dev": true,
      "license": "Apache-2.0",
      "bin": {
        "tsc": "bin/tsc",
        "tsserver": "bin/tsserver"
      },
      "engines": {
        "node": ">=14.17"
      }
    },
    "node_modules/undici-types": {
      "version": "6.21.0",
      "resolved": "https://registry.npmjs.org/undici-types/-/undici-types-6.21.0.tgz",
      "integrity": "sha512-iwDZqg0QAGrg9Rav5H4n0M64c3mkR59cJ6wQp+7C4nI0gsmExaedaYLNO44eT4AtBBwjbTiGPMlt2Md0T9H9JQ==",
      "dev": true,
      "license": "MIT"
    },
    "node_modules/zod": {
      "version": "4.1.8",
      "resolved": "https://registry.npmjs.org/zod/-/zod-4.1.8.tgz",
      "integrity": "sha512-5R1P+WwQqmmMIEACyzSvo4JXHY5WiAFHRMg+zBZKgKS+Q1viRa0C1hmUKtHltoIFKtIdki3pRxkmpP74jnNYHQ==",
      "license": "MIT",
      "funding": {
        "url": "https://github.com/sponsors/colinhacks"
      }
    }
  }
}
